
Microsoft Visual Studio Solution File, Format Version 12.00
# Visual Studio Version 16
VisualStudioVersion = 25.0.1706.11
MinimumVisualStudioVersion = 10.0.40219.1
Project("{FAE04EC0-301F-11D3-BF4B-00C04F79EFBC}") = "ReconcileService", "ReconcileService\ReconcileService.csproj", "{B55F9620-0734-4AE7-BC7B-5794E7EB1A4D}"
EndProject
Project("{FAE04EC0-301F-11D3-BF4B-00C04F79EFBC}") = "Reconcile.Entity", "Reconcile.Entity\Reconcile.Entity.csproj", "{39091931-ED4A-41D8-98EF-7D1CE2EFFAB7}"
EndProject
Project("{2150E333-8FDC-42A3-9474-1A3956D46DE8}") = "Solution Items", "Solution Items", "{FD5E36A0-1FEF-4647-B22F-7FD42F4ED6DD}"
EndProject
Project("{FAE04EC0-301F-11D3-BF4B-00C04F79EFBC}") = "Reconcile.Repository", "Reconcile.Repository\Reconcile.Repository.csproj", "{829E79CB-6136-4C25-9CC5-8B69B4842F3F}"
EndProject
Project("{FAE04EC0-301F-11D3-BF4B-00C04F79EFBC}") = "Reconcile.BusinessLogic", "Reconcile.BusinessLogic\Reconcile.BusinessLogic.csproj", "{A526C794-3C00-4E54-B16F-93E3B3C0DD9C}"
EndProject
Project("{FAE04EC0-301F-11D3-BF4B-00C04F79EFBC}") = "Reconcile.Test", "Reconcile.Test\Reconcile.Test.csproj", "{B3FE1F15-9DD3-4E25-A20A-0B5ED4987EBF}"
EndProject
Project("{E53339B2-1760-4266-BCC7-CA923CBCF16C}") = "docker-compose", "docker-compose.dcproj", "{5CAF6742-46C1-4985-8CAF-447DD61703CA}"
EndProject
Global
	GlobalSection(SolutionConfigurationPlatforms) = preSolution
		Debug|Any CPU = Debug|Any CPU
		Release|Any CPU = Release|Any CPU
	EndGlobalSection
	GlobalSection(ProjectConfigurationPlatforms) = postSolution
		{B55F9620-0734-4AE7-BC7B-5794E7EB1A4D}.Debug|Any CPU.ActiveCfg = Debug|Any CPU
		{B55F9620-0734-4AE7-BC7B-5794E7EB1A4D}.Debug|Any CPU.Build.0 = Debug|Any CPU
		{B55F9620-0734-4AE7-BC7B-5794E7EB1A4D}.Release|Any CPU.ActiveCfg = Release|Any CPU
		{B55F9620-0734-4AE7-BC7B-5794E7EB1A4D}.Release|Any CPU.Build.0 = Release|Any CPU
		{39091931-ED4A-41D8-98EF-7D1CE2EFFAB7}.Debug|Any CPU.ActiveCfg = Debug|Any CPU
		{39091931-ED4A-41D8-98EF-7D1CE2EFFAB7}.Debug|Any CPU.Build.0 = Debug|Any CPU
		{39091931-ED4A-41D8-98EF-7D1CE2EFFAB7}.Release|Any CPU.ActiveCfg = Release|Any CPU
		{39091931-ED4A-41D8-98EF-7D1CE2EFFAB7}.Release|Any CPU.Build.0 = Release|Any CPU
		{829E79CB-6136-4C25-9CC5-8B69B4842F3F}.Debug|Any CPU.ActiveCfg = Debug|Any CPU
		{829E79CB-6136-4C25-9CC5-8B69B4842F3F}.Debug|Any CPU.Build.0 = Debug|Any CPU
		{829E79CB-6136-4C25-9CC5-8B69B4842F3F}.Release|Any CPU.ActiveCfg = Release|Any CPU
		{829E79CB-6136-4C25-9CC5-8B69B4842F3F}.Release|Any CPU.Build.0 = Release|Any CPU
		{A526C794-3C00-4E54-B16F-93E3B3C0DD9C}.Debug|Any CPU.ActiveCfg = Debug|Any CPU
		{A526C794-3C00-4E54-B16F-93E3B3C0DD9C}.Debug|Any CPU.Build.0 = Debug|Any CPU
		{A526C794-3C00-4E54-B16F-93E3B3C0DD9C}.Release|Any CPU.ActiveCfg = Release|Any CPU
		{A526C794-3C00-4E54-B16F-93E3B3C0DD9C}.Release|Any CPU.Build.0 = Release|Any CPU
		{B3FE1F15-9DD3-4E25-A20A-0B5ED4987EBF}.Debug|Any CPU.ActiveCfg = Debug|Any CPU
		{B3FE1F15-9DD3-4E25-A20A-0B5ED4987EBF}.Debug|Any CPU.Build.0 = Debug|Any CPU
		{B3FE1F15-9DD3-4E25-A20A-0B5ED4987EBF}.Release|Any CPU.ActiveCfg = Release|Any CPU
		{B3FE1F15-9DD3-4E25-A20A-0B5ED4987EBF}.Release|Any CPU.Build.0 = Release|Any CPU
		{5CAF6742-46C1-4985-8CAF-447DD61703CA}.Debug|Any CPU.ActiveCfg = Debug|Any CPU
		{5CAF6742-46C1-4985-8CAF-447DD61703CA}.Debug|Any CPU.Build.0 = Debug|Any CPU
		{5CAF6742-46C1-4985-8CAF-447DD61703CA}.Release|Any CPU.ActiveCfg = Release|Any CPU
		{5CAF6742-46C1-4985-8CAF-447DD61703CA}.Release|Any CPU.Build.0 = Release|Any CPU
	EndGlobalSection
	GlobalSection(SolutionProperties) = preSolution
		HideSolutionNode = FALSE
	EndGlobalSection
	GlobalSection(ExtensibilityGlobals) = postSolution
		SolutionGuid = {9FB7D893-DE65-49B1-946C-96C690015D00}
	EndGlobalSection
EndGlobal
